
Microsoft Visual Studio Solution File, Format Version 12.00
# Visual Studio 14
VisualStudioVersion = 14.0.23107.0
MinimumVisualStudioVersion = 10.0.40219.1
Project("{FAE04EC0-301F-11D3-BF4B-00C04F79EFBC}") = "VooPPointMgr.BLL", "VooPPointMgr.BLL\VooPPointMgr.BLL.csproj", "{4F995192-3C7F-4F16-B684-EC96BAAF9591}"
EndProject
Project("{FAE04EC0-301F-11D3-BF4B-00C04F79EFBC}") = "VooPPointMgr.Services", "VooPPointMgr.Services\VooPPointMgr.Services.csproj", "{ED21299C-A1D3-4F44-A718-5E550571E123}"
EndProject
Project("{2150E333-8FDC-42A3-9474-1A3956D46DE8}") = ".nuget", ".nuget", "{528906FB-C3B0-444B-B7F4-478CF3FB976C}"
	ProjectSection(SolutionItems) = preProject
		.nuget\NuGet.Config = .nuget\NuGet.Config
		.nuget\NuGet.exe = .nuget\NuGet.exe
		.nuget\NuGet.targets = .nuget\NuGet.targets
	EndProjectSection
EndProject
Project("{FAE04EC0-301F-11D3-BF4B-00C04F79EFBC}") = "VooPPointMgr.DataL", "VooPPointMgr.DataL\VooPPointMgr.DataL.csproj", "{D41EE9B0-308F-4B44-8D85-15490D9706D1}"
EndProject
Project("{FAE04EC0-301F-11D3-BF4B-00C04F79EFBC}") = "VooAzureStreamFacade", "VooAzureStreamFacade\VooAzureStreamFacade.csproj", "{97FC06BF-CAE8-47B1-BDA4-7637EBFE4ABB}"
EndProject
Project("{FAE04EC0-301F-11D3-BF4B-00C04F79EFBC}") = "VooAzureStreamFacade.Service", "VooAzureStreamFacade.Service\VooAzureStreamFacade.Service.csproj", "{C2090FCC-13A0-44EB-9518-FCDFEA89CDCB}"
EndProject
Project("{FAE04EC0-301F-11D3-BF4B-00C04F79EFBC}") = "TestVooAzureMediaService", "TestVooAzureMediaService\TestVooAzureMediaService.csproj", "{F732DF95-B00D-4FD8-AE35-C086455BF44D}"
EndProject
Global
	GlobalSection(SolutionConfigurationPlatforms) = preSolution
		Debug|Any CPU = Debug|Any CPU
		Debug|ARM = Debug|ARM
		Debug|x64 = Debug|x64
		Debug|x86 = Debug|x86
		Release|Any CPU = Release|Any CPU
		Release|ARM = Release|ARM
		Release|x64 = Release|x64
		Release|x86 = Release|x86
	EndGlobalSection
	GlobalSection(ProjectConfigurationPlatforms) = postSolution
		{4F995192-3C7F-4F16-B684-EC96BAAF9591}.Debug|Any CPU.ActiveCfg = Debug|Any CPU
		{4F995192-3C7F-4F16-B684-EC96BAAF9591}.Debug|Any CPU.Build.0 = Debug|Any CPU
		{4F995192-3C7F-4F16-B684-EC96BAAF9591}.Debug|ARM.ActiveCfg = Debug|Any CPU
		{4F995192-3C7F-4F16-B684-EC96BAAF9591}.Debug|ARM.Build.0 = Debug|Any CPU
		{4F995192-3C7F-4F16-B684-EC96BAAF9591}.Debug|x64.ActiveCfg = Debug|Any CPU
		{4F995192-3C7F-4F16-B684-EC96BAAF9591}.Debug|x64.Build.0 = Debug|Any CPU
		{4F995192-3C7F-4F16-B684-EC96BAAF9591}.Debug|x86.ActiveCfg = Debug|Any CPU
		{4F995192-3C7F-4F16-B684-EC96BAAF9591}.Debug|x86.Build.0 = Debug|Any CPU
		{4F995192-3C7F-4F16-B684-EC96BAAF9591}.Release|Any CPU.ActiveCfg = Release|Any CPU
		{4F995192-3C7F-4F16-B684-EC96BAAF9591}.Release|Any CPU.Build.0 = Release|Any CPU
		{4F995192-3C7F-4F16-B684-EC96BAAF9591}.Release|ARM.ActiveCfg = Release|Any CPU
		{4F995192-3C7F-4F16-B684-EC96BAAF9591}.Release|ARM.Build.0 = Release|Any CPU
		{4F995192-3C7F-4F16-B684-EC96BAAF9591}.Release|x64.ActiveCfg = Release|Any CPU
		{4F995192-3C7F-4F16-B684-EC96BAAF9591}.Release|x64.Build.0 = Release|Any CPU
		{4F995192-3C7F-4F16-B684-EC96BAAF9591}.Release|x86.ActiveCfg = Release|Any CPU
		{4F995192-3C7F-4F16-B684-EC96BAAF9591}.Release|x86.Build.0 = Release|Any CPU
		{ED21299C-A1D3-4F44-A718-5E550571E123}.Debug|Any CPU.ActiveCfg = Debug|Any CPU
		{ED21299C-A1D3-4F44-A718-5E550571E123}.Debug|Any CPU.Build.0 = Debug|Any CPU
		{ED21299C-A1D3-4F44-A718-5E550571E123}.Debug|ARM.ActiveCfg = Debug|Any CPU
		{ED21299C-A1D3-4F44-A718-5E550571E123}.Debug|ARM.Build.0 = Debug|Any CPU
		{ED21299C-A1D3-4F44-A718-5E550571E123}.Debug|x64.ActiveCfg = Debug|Any CPU
		{ED21299C-A1D3-4F44-A718-5E550571E123}.Debug|x64.Build.0 = Debug|Any CPU
		{ED21299C-A1D3-4F44-A718-5E550571E123}.Debug|x86.ActiveCfg = Debug|Any CPU
		{ED21299C-A1D3-4F44-A718-5E550571E123}.Debug|x86.Build.0 = Debug|Any CPU
		{ED21299C-A1D3-4F44-A718-5E550571E123}.Release|Any CPU.ActiveCfg = Release|Any CPU
		{ED21299C-A1D3-4F44-A718-5E550571E123}.Release|Any CPU.Build.0 = Release|Any CPU
		{ED21299C-A1D3-4F44-A718-5E550571E123}.Release|ARM.ActiveCfg = Release|Any CPU
		{ED21299C-A1D3-4F44-A718-5E550571E123}.Release|ARM.Build.0 = Release|Any CPU
		{ED21299C-A1D3-4F44-A718-5E550571E123}.Release|x64.ActiveCfg = Release|Any CPU
		{ED21299C-A1D3-4F44-A718-5E550571E123}.Release|x64.Build.0 = Release|Any CPU
		{ED21299C-A1D3-4F44-A718-5E550571E123}.Release|x86.ActiveCfg = Release|Any CPU
		{ED21299C-A1D3-4F44-A718-5E550571E123}.Release|x86.Build.0 = Release|Any CPU
		{D41EE9B0-308F-4B44-8D85-15490D9706D1}.Debug|Any CPU.ActiveCfg = Debug|Any CPU
		{D41EE9B0-308F-4B44-8D85-15490D9706D1}.Debug|Any CPU.Build.0 = Debug|Any CPU
		{D41EE9B0-308F-4B44-8D85-15490D9706D1}.Debug|ARM.ActiveCfg = Debug|Any CPU
		{D41EE9B0-308F-4B44-8D85-15490D9706D1}.Debug|x64.ActiveCfg = Debug|Any CPU
		{D41EE9B0-308F-4B44-8D85-15490D9706D1}.Debug|x86.ActiveCfg = Debug|Any CPU
		{D41EE9B0-308F-4B44-8D85-15490D9706D1}.Release|Any CPU.ActiveCfg = Release|Any CPU
		{D41EE9B0-308F-4B44-8D85-15490D9706D1}.Release|Any CPU.Build.0 = Release|Any CPU
		{D41EE9B0-308F-4B44-8D85-15490D9706D1}.Release|ARM.ActiveCfg = Release|Any CPU
		{D41EE9B0-308F-4B44-8D85-15490D9706D1}.Release|x64.ActiveCfg = Release|Any CPU
		{D41EE9B0-308F-4B44-8D85-15490D9706D1}.Release|x86.ActiveCfg = Release|Any CPU
		{97FC06BF-CAE8-47B1-BDA4-7637EBFE4ABB}.Debug|Any CPU.ActiveCfg = Debug|Any CPU
		{97FC06BF-CAE8-47B1-BDA4-7637EBFE4ABB}.Debug|Any CPU.Build.0 = Debug|Any CPU
		{97FC06BF-CAE8-47B1-BDA4-7637EBFE4ABB}.Debug|ARM.ActiveCfg = Debug|Any CPU
		{97FC06BF-CAE8-47B1-BDA4-7637EBFE4ABB}.Debug|x64.ActiveCfg = Debug|Any CPU
		{97FC06BF-CAE8-47B1-BDA4-7637EBFE4ABB}.Debug|x86.ActiveCfg = Debug|Any CPU
		{97FC06BF-CAE8-47B1-BDA4-7637EBFE4ABB}.Release|Any CPU.ActiveCfg = Release|Any CPU
		{97FC06BF-CAE8-47B1-BDA4-7637EBFE4ABB}.Release|Any CPU.Build.0 = Release|Any CPU
		{97FC06BF-CAE8-47B1-BDA4-7637EBFE4ABB}.Release|ARM.ActiveCfg = Release|Any CPU
		{97FC06BF-CAE8-47B1-BDA4-7637EBFE4ABB}.Release|x64.ActiveCfg = Release|Any CPU
		{97FC06BF-CAE8-47B1-BDA4-7637EBFE4ABB}.Release|x86.ActiveCfg = Release|Any CPU
		{C2090FCC-13A0-44EB-9518-FCDFEA89CDCB}.Debug|Any CPU.ActiveCfg = Debug|Any CPU
		{C2090FCC-13A0-44EB-9518-FCDFEA89CDCB}.Debug|Any CPU.Build.0 = Debug|Any CPU
		{C2090FCC-13A0-44EB-9518-FCDFEA89CDCB}.Debug|ARM.ActiveCfg = Debug|Any CPU
		{C2090FCC-13A0-44EB-9518-FCDFEA89CDCB}.Debug|x64.ActiveCfg = Debug|Any CPU
		{C2090FCC-13A0-44EB-9518-FCDFEA89CDCB}.Debug|x86.ActiveCfg = Debug|Any CPU
		{C2090FCC-13A0-44EB-9518-FCDFEA89CDCB}.Release|Any CPU.ActiveCfg = Release|Any CPU
		{C2090FCC-13A0-44EB-9518-FCDFEA89CDCB}.Release|Any CPU.Build.0 = Release|Any CPU
		{C2090FCC-13A0-44EB-9518-FCDFEA89CDCB}.Release|ARM.ActiveCfg = Release|Any CPU
		{C2090FCC-13A0-44EB-9518-FCDFEA89CDCB}.Release|x64.ActiveCfg = Release|Any CPU
		{C2090FCC-13A0-44EB-9518-FCDFEA89CDCB}.Release|x86.ActiveCfg = Release|Any CPU
		{F732DF95-B00D-4FD8-AE35-C086455BF44D}.Debug|Any CPU.ActiveCfg = Debug|Any CPU
		{F732DF95-B00D-4FD8-AE35-C086455BF44D}.Debug|Any CPU.Build.0 = Debug|Any CPU
		{F732DF95-B00D-4FD8-AE35-C086455BF44D}.Debug|ARM.ActiveCfg = Debug|Any CPU
		{F732DF95-B00D-4FD8-AE35-C086455BF44D}.Debug|ARM.Build.0 = Debug|Any CPU
		{F732DF95-B00D-4FD8-AE35-C086455BF44D}.Debug|x64.ActiveCfg = Debug|Any CPU
		{F732DF95-B00D-4FD8-AE35-C086455BF44D}.Debug|x64.Build.0 = Debug|Any CPU
		{F732DF95-B00D-4FD8-AE35-C086455BF44D}.Debug|x86.ActiveCfg = Debug|Any CPU
		{F732DF95-B00D-4FD8-AE35-C086455BF44D}.Debug|x86.Build.0 = Debug|Any CPU
		{F732DF95-B00D-4FD8-AE35-C086455BF44D}.Release|Any CPU.ActiveCfg = Release|Any CPU
		{F732DF95-B00D-4FD8-AE35-C086455BF44D}.Release|Any CPU.Build.0 = Release|Any CPU
		{F732DF95-B00D-4FD8-AE35-C086455BF44D}.Release|ARM.ActiveCfg = Release|Any CPU
		{F732DF95-B00D-4FD8-AE35-C086455BF44D}.Release|ARM.Build.0 = Release|Any CPU
		{F732DF95-B00D-4FD8-AE35-C086455BF44D}.Release|x64.ActiveCfg = Release|Any CPU
		{F732DF95-B00D-4FD8-AE35-C086455BF44D}.Release|x64.Build.0 = Release|Any CPU
		{F732DF95-B00D-4FD8-AE35-C086455BF44D}.Release|x86.ActiveCfg = Release|Any CPU
		{F732DF95-B00D-4FD8-AE35-C086455BF44D}.Release|x86.Build.0 = Release|Any CPU
	EndGlobalSection
	GlobalSection(SolutionProperties) = preSolution
		HideSolutionNode = FALSE
	EndGlobalSection
EndGlobal
